// !$*UTF8*$!
{
	archiveVersion = 1;
	objectVersion = 77;
	objects = {

/* Begin PBXBuildFile section */
		A10000000000000000000001 /* AppEntry.swift in Sources */ = {isa = PBXBuildFile; fileRef = A20000000000000000000001 /* AppEntry.swift */; };
		A10000000000000000000002 /* HealthData.swift in Sources */ = {isa = PBXBuildFile; fileRef = A20000000000000000000002 /* HealthData.swift */; };
		A10000000000000000000003 /* DashboardViewController.swift in Sources */ = {isa = PBXBuildFile; fileRef = A20000000000000000000003 /* DashboardViewController.swift */; };
		A10000000000000000000005 /* AppLanguage.swift in Sources */ = {isa = PBXBuildFile; fileRef = A20000000000000000000006 /* AppLanguage.swift */; };
		A10000000000000000000004 /* Assets.xcassets in Resources */ = {isa = PBXBuildFile; fileRef = A20000000000000000000004 /* Assets.xcassets */; };
/* End PBXBuildFile section */

/* Begin PBXFileReference section */
		A20000000000000000000000 /* HealthAtlas.app */ = {isa = PBXFileReference; explicitFileType = wrapper.application; includeInIndex = 0; path = HealthAtlas.app; sourceTree = BUILT_PRODUCTS_DIR; };
		A20000000000000000000001 /* AppEntry.swift */ = {isa = PBXFileReference; lastKnownFileType = sourcecode.swift; path = AppEntry.swift; sourceTree = "<group>"; };
		A20000000000000000000002 /* HealthData.swift */ = {isa = PBXFileReference; lastKnownFileType = sourcecode.swift; path = HealthData.swift; sourceTree = "<group>"; };
		A20000000000000000000003 /* DashboardViewController.swift */ = {isa = PBXFileReference; lastKnownFileType = sourcecode.swift; path = DashboardViewController.swift; sourceTree = "<group>"; };
		A20000000000000000000004 /* Assets.xcassets */ = {isa = PBXFileReference; lastKnownFileType = folder.assetcatalog; path = Assets.xcassets; sourceTree = "<group>"; };
		A20000000000000000000005 /* HealthAtlas */ = {isa = PBXFileReference; lastKnownFileType = folder; path = HealthAtlas; sourceTree = "<group>"; };
		A20000000000000000000006 /* AppLanguage.swift */ = {isa = PBXFileReference; lastKnownFileType = sourcecode.swift; path = AppLanguage.swift; sourceTree = "<group>"; };
/* End PBXFileReference section */

/* Begin PBXFrameworksBuildPhase section */
		A30000000000000000000001 /* Frameworks */ = {isa = PBXFrameworksBuildPhase; buildActionMask = 2147483647; files = (); runOnlyForDeploymentPostprocessing = 0; };
/* End PBXFrameworksBuildPhase section */

/* Begin PBXGroup section */
		A40000000000000000000000 = {isa = PBXGroup; children = (A40000000000000000000001, A40000000000000000000002, A40000000000000000000003); sourceTree = "<group>"; };
		A40000000000000000000001 /* HealthAtlas */ = {isa = PBXGroup; children = (A20000000000000000000004); path = HealthAtlas; sourceTree = "<group>"; };
		A40000000000000000000002 /* Sources */ = {isa = PBXGroup; children = (A20000000000000000000001, A20000000000000000000002, A20000000000000000000003, A20000000000000000000006); path = Sources/HealthAtlasApp; sourceTree = "<group>"; };
		A40000000000000000000003 /* Products */ = {isa = PBXGroup; children = (A20000000000000000000000); name = Products; sourceTree = "<group>"; };
/* End PBXGroup section */

/* Begin PBXNativeTarget section */
		A50000000000000000000001 /* HealthAtlas */ = {isa = PBXNativeTarget; buildConfigurationList = A60000000000000000000002; buildPhases = (A30000000000000000000002, A30000000000000000000001, A30000000000000000000003); buildRules = (); dependencies = (); name = HealthAtlas; productName = HealthAtlas; productReference = A20000000000000000000000; productType = "com.apple.product-type.application"; };
/* End PBXNativeTarget section */

/* Begin PBXProject section */
		A70000000000000000000001 /* Project object */ = {isa = PBXProject; attributes = {LastUpgradeCheck = 2600; TargetAttributes = {A50000000000000000000001 = {CreatedOnToolsVersion = 2600; }; }; }; buildConfigurationList = A60000000000000000000001; compatibilityVersion = "Xcode 3.2"; developmentRegion = en; hasScannedForEncodings = 0; knownRegions = (en, Base); mainGroup = A40000000000000000000000; productRefGroup = A40000000000000000000003; projectDirPath = ""; projectRoot = ""; targets = (A50000000000000000000001); };
/* End PBXProject section */

/* Begin PBXResourcesBuildPhase section */
		A30000000000000000000002 /* Resources */ = {isa = PBXResourcesBuildPhase; buildActionMask = 2147483647; files = (A10000000000000000000004); runOnlyForDeploymentPostprocessing = 0; };
/* End PBXResourcesBuildPhase section */

/* Begin PBXSourcesBuildPhase section */
		A30000000000000000000003 /* Sources */ = {isa = PBXSourcesBuildPhase; buildActionMask = 2147483647; files = (A10000000000000000000001, A10000000000000000000002, A10000000000000000000003, A10000000000000000000005); runOnlyForDeploymentPostprocessing = 0; };
/* End PBXSourcesBuildPhase section */

/* Begin XCBuildConfiguration section */
		A80000000000000000000001 /* Dev */ = {isa = XCBuildConfiguration; buildSettings = { ALWAYS_SEARCH_USER_PATHS = NO; CLANG_ENABLE_MODULES = YES; MACOSX_DEPLOYMENT_TARGET = 26.0; SWIFT_VERSION = 6.0; }; name = Dev; };
		A80000000000000000000002 /* Beta */ = {isa = XCBuildConfiguration; buildSettings = { ALWAYS_SEARCH_USER_PATHS = NO; CLANG_ENABLE_MODULES = YES; MACOSX_DEPLOYMENT_TARGET = 26.0; SWIFT_VERSION = 6.0; }; name = Beta; };
		A80000000000000000000003 /* Final */ = {isa = XCBuildConfiguration; buildSettings = { ALWAYS_SEARCH_USER_PATHS = NO; CLANG_ENABLE_MODULES = YES; MACOSX_DEPLOYMENT_TARGET = 26.0; SWIFT_VERSION = 6.0; }; name = Final; };
		A80000000000000000000004 /* Dev target */ = {isa = XCBuildConfiguration; buildSettings = { ASSETCATALOG_COMPILER_APPICON_NAME = AppIcon; CODE_SIGN_IDENTITY = "-"; CODE_SIGN_STYLE = Manual; CURRENT_PROJECT_VERSION = 1; GENERATE_INFOPLIST_FILE = NO; HEALTHATLAS_BUILD_CHANNEL = dev; HEALTHATLAS_DISPLAY_NAME = "HealthAtlas Dev"; INFOPLIST_FILE = HealthAtlas/Info.plist; MARKETING_VERSION = 0.1.0; PRODUCT_BUNDLE_IDENTIFIER = com.healthatlas.app.dev; PRODUCT_NAME = "$(TARGET_NAME)"; }; name = Dev; };
		A80000000000000000000005 /* Beta target */ = {isa = XCBuildConfiguration; buildSettings = { ASSETCATALOG_COMPILER_APPICON_NAME = AppIcon; CODE_SIGN_IDENTITY = "-"; CODE_SIGN_STYLE = Manual; CURRENT_PROJECT_VERSION = 1; GENERATE_INFOPLIST_FILE = NO; HEALTHATLAS_BUILD_CHANNEL = beta; HEALTHATLAS_DISPLAY_NAME = "HealthAtlas Beta"; INFOPLIST_FILE = HealthAtlas/Info.plist; MARKETING_VERSION = 0.1.0-beta.1; PRODUCT_BUNDLE_IDENTIFIER = com.healthatlas.app.beta; PRODUCT_NAME = "$(TARGET_NAME)"; }; name = Beta; };
		A80000000000000000000006 /* Final target */ = {isa = XCBuildConfiguration; buildSettings = { ASSETCATALOG_COMPILER_APPICON_NAME = AppIcon; CODE_SIGN_IDENTITY = "-"; CODE_SIGN_STYLE = Manual; CURRENT_PROJECT_VERSION = 1; GENERATE_INFOPLIST_FILE = NO; HEALTHATLAS_BUILD_CHANNEL = final; HEALTHATLAS_DISPLAY_NAME = HealthAtlas; INFOPLIST_FILE = HealthAtlas/Info.plist; MARKETING_VERSION = 0.1.0; PRODUCT_BUNDLE_IDENTIFIER = com.healthatlas.app; PRODUCT_NAME = "$(TARGET_NAME)"; }; name = Final; };
/* End XCBuildConfiguration section */

/* Begin XCConfigurationList section */
		A60000000000000000000001 = {isa = XCConfigurationList; buildConfigurations = (A80000000000000000000001, A80000000000000000000002, A80000000000000000000003); defaultConfigurationIsVisible = 0; defaultConfigurationName = Dev; };
		A60000000000000000000002 = {isa = XCConfigurationList; buildConfigurations = (A80000000000000000000004, A80000000000000000000005, A80000000000000000000006); defaultConfigurationIsVisible = 0; defaultConfigurationName = Dev; };
/* End XCConfigurationList section */
	};
	rootObject = A70000000000000000000001 /* Project object */;
}
